// !$*UTF8*$!
{
	archiveVersion = 1;
	classes = {
	};
	objectVersion = 46;
	objects = {

/* Begin PBXBuildFile section */
		CAFD66812276588D008E59C9 /* AppDelegate.swift in Sources */ = {isa = PBXBuildFile; fileRef = CAFD66802276588D008E59C9 /* AppDelegate.swift */; };
		CAFD66832276588D008E59C9 /* ViewController.swift in Sources */ = {isa = PBXBuildFile; fileRef = CAFD66822276588D008E59C9 /* ViewController.swift */; };
		CAFD66852276588D008E59C9 /* Assets.xcassets in Resources */ = {isa = PBXBuildFile; fileRef = CAFD66842276588D008E59C9 /* Assets.xcassets */; };
		CAFD66882276588D008E59C9 /* Main.storyboard in Resources */ = {isa = PBXBuildFile; fileRef = CAFD66862276588D008E59C9 /* Main.storyboard */; };
		CAFD6690227658C6008E59C9 /* ScreenshotView.swift in Sources */ = {isa = PBXBuildFile; fileRef = CAFD668F227658C6008E59C9 /* ScreenshotView.swift */; };
/* End PBXBuildFile section */

/* Begin PBXFileReference section */
		CAFD667D2276588D008E59C9 /* ocrScreenshot.app */ = {isa = PBXFileReference; explicitFileType = wrapper.application; includeInIndex = 0; path = ocrScreenshot.app; sourceTree = BUILT_PRODUCTS_DIR; };
		CAFD66802276588D008E59C9 /* AppDelegate.swift */ = {isa = PBXFileReference; lastKnownFileType = sourcecode.swift; path = AppDelegate.swift; sourceTree = "<group>"; };
		CAFD66822276588D008E59C9 /* ViewController.swift */ = {isa = PBXFileReference; lastKnownFileType = sourcecode.swift; path = ViewController.swift; sourceTree = "<group>"; };
		CAFD66842276588D008E59C9 /* Assets.xcassets */ = {isa = PBXFileReference; lastKnownFileType = folder.assetcatalog; path = Assets.xcassets; sourceTree = "<group>"; };
		CAFD66872276588D008E59C9 /* Base */ = {isa = PBXFileReference; lastKnownFileType = file.storyboard; name = Base; path = Base.lproj/Main.storyboard; sourceTree = "<group>"; };
		CAFD66892276588D008E59C9 /* Info.plist */ = {isa = PBXFileReference; lastKnownFileType = text.plist.xml; path = Info.plist; sourceTree = "<group>"; };
		CAFD668F227658C6008E59C9 /* ScreenshotView.swift */ = {isa = PBXFileReference; fileEncoding = 4; lastKnownFileType = sourcecode.swift; path = ScreenshotView.swift; sourceTree = "<group>"; };
/* End PBXFileReference section */

/* Begin PBXFrameworksBuildPhase section */
		CAFD667A2276588D008E59C9 /* Frameworks */ = {
			isa = PBXFrameworksBuildPhase;
			buildActionMask = 2147483647;
			files = (
			);
			runOnlyForDeploymentPostprocessing = 0;
		};
/* End PBXFrameworksBuildPhase section */

/* Begin PBXGroup section */
		CAFD66742276588D008E59C9 = {
			isa = PBXGroup;
			children = (
				CAFD667F2276588D008E59C9 /* ocrScreenshot */,
				CAFD667E2276588D008E59C9 /* Products */,
			);
			sourceTree = "<group>";
		};
		CAFD667E2276588D008E59C9 /* Products */ = {
			isa = PBXGroup;
			children = (
				CAFD667D2276588D008E59C9 /* ocrScreenshot.app */,
			);
			name = Products;
			sourceTree = "<group>";
		};
		CAFD667F2276588D008E59C9 /* ocrScreenshot */ = {
			isa = PBXGroup;
			children = (
				CAFD66802276588D008E59C9 /* AppDelegate.swift */,
				CAFD66822276588D008E59C9 /* ViewController.swift */,
				CAFD668F227658C6008E59C9 /* ScreenshotView.swift */,
				CAFD66842276588D008E59C9 /* Assets.xcassets */,
				CAFD66862276588D008E59C9 /* Main.storyboard */,
				CAFD66892276588D008E59C9 /* Info.plist */,
			);
			path = ocrScreenshot;
			sourceTree = "<group>";
		};
/* End PBXGroup section */

/* Begin PBXNativeTarget section */
		CAFD667C2276588D008E59C9 /* ocrScreenshot */ = {
			isa = PBXNativeTarget;
			buildConfigurationList = CAFD668C2276588D008E59C9 /* Build configuration list for PBXNativeTarget "ocrScreenshot" */;
			buildPhases = (
				CAFD66792276588D008E59C9 /* Sources */,
				CAFD667A2276588D008E59C9 /* Frameworks */,
				CAFD667B2276588D008E59C9 /* Resources */,
			);
			buildRules = (
			);
			dependencies = (
			);
			name = ocrScreenshot;
			productName = ocrScreenshot;
			productReference = CAFD667D2276588D008E59C9 /* ocrScreenshot.app */;
			productType = "com.apple.product-type.application";
		};
/* End PBXNativeTarget section */

/* Begin PBXProject section */
		CAFD66752276588D008E59C9 /* Project object */ = {
			isa = PBXProject;
			attributes = {
				LastSwiftUpdateCheck = 0830;
				LastUpgradeCheck = 0830;
				ORGANIZATIONNAME = "Cade May";
				TargetAttributes = {
					CAFD667C2276588D008E59C9 = {
						CreatedOnToolsVersion = 8.3.3;
						ProvisioningStyle = Automatic;
					};
				};
			};
			buildConfigurationList = CAFD66782276588D008E59C9 /* Build configuration list for PBXProject "ocrScreenshot" */;
			compatibilityVersion = "Xcode 3.2";
			developmentRegion = English;
			hasScannedForEncodings = 0;
			knownRegions = (
				en,
				Base,
			);
			mainGroup = CAFD66742276588D008E59C9;
			productRefGroup = CAFD667E2276588D008E59C9 /* Products */;
			projectDirPath = "";
			projectRoot = "";
			targets = (
				CAFD667C2276588D008E59C9 /* ocrScreenshot */,
			);
		};
/* End PBXProject section */

/* Begin PBXResourcesBuildPhase section */
		CAFD667B2276588D008E59C9 /* Resources */ = {
			isa = PBXResourcesBuildPhase;
			buildActionMask = 2147483647;
			files = (
				CAFD66852276588D008E59C9 /* Assets.xcassets in Resources */,
				CAFD66882276588D008E59C9 /* Main.storyboard in Resources */,
			);
			runOnlyForDeploymentPostprocessing = 0;
		};
/* End PBXResourcesBuildPhase section */

/* Begin PBXSourcesBuildPhase section */
		CAFD66792276588D008E59C9 /* Sources */ = {
			isa = PBXSourcesBuildPhase;
			buildActionMask = 2147483647;
			files = (
				CAFD6690227658C6008E59C9 /* ScreenshotView.swift in Sources */,
				CAFD66832276588D008E59C9 /* ViewController.swift in Sources */,
				CAFD66812276588D008E59C9 /* AppDelegate.swift in Sources */,
			);
			runOnlyForDeploymentPostprocessing = 0;
		};
/* End PBXSourcesBuildPhase section */

/* Begin PBXVariantGroup section */
		CAFD66862276588D008E59C9 /* Main.storyboard */ = {
			isa = PBXVariantGroup;
			children = (
				CAFD66872276588D008E59C9 /* Base */,
			);
			name = Main.storyboard;
			sourceTree = "<group>";
		};
/* End PBXVariantGroup section */

/* Begin XCBuildConfiguration section */
		CAFD668A2276588D008E59C9 /* Debug */ = {
			isa = XCBuildConfiguration;
			buildSettings = {
				ALWAYS_SEARCH_USER_PATHS = NO;
				CLANG_ANALYZER_NONNULL = YES;
				CLANG_ANALYZER_NUMBER_OBJECT_CONVERSION = YES_AGGRESSIVE;
				CLANG_CXX_LANGUAGE_STANDARD = "gnu++0x";
				CLANG_CXX_LIBRARY = "libc++";
				CLANG_ENABLE_MODULES = YES;
				CLANG_ENABLE_OBJC_ARC = YES;
				CLANG_WARN_BOOL_CONVERSION = YES;
				CLANG_WARN_CONSTANT_CONVERSION = YES;
				CLANG_WARN_DIRECT_OBJC_ISA_USAGE = YES_ERROR;
				CLANG_WARN_DOCUMENTATION_COMMENTS = YES;
				CLANG_WARN_EMPTY_BODY = YES;
				CLANG_WARN_ENUM_CONVERSION = YES;
				CLANG_WARN_INFINITE_RECURSION = YES;
				CLANG_WARN_INT_CONVERSION = YES;
				CLANG_WARN_OBJC_ROOT_CLASS = YES_ERROR;
				CLANG_WARN_SUSPICIOUS_MOVE = YES;
				CLANG_WARN_UNREACHABLE_CODE = YES;
				CLANG_WARN__DUPLICATE_METHOD_MATCH = YES;
				CODE_SIGN_IDENTITY = "-";
				COPY_PHASE_STRIP = NO;
				DEBUG_INFORMATION_FORMAT = dwarf;
				ENABLE_STRICT_OBJC_MSGSEND = YES;
				ENABLE_TESTABILITY = YES;
				GCC_C_LANGUAGE_STANDARD = gnu99;
				GCC_DYNAMIC_NO_PIC = NO;
				GCC_NO_COMMON_BLOCKS = YES;
				GCC_OPTIMIZATION_LEVEL = 0;
				GCC_PREPROCESSOR_DEFINITIONS = (
					"DEBUG=1",
					"$(inherited)",
				);
				GCC_WARN_64_TO_32_BIT_CONVERSION = YES;
				GCC_WARN_ABOUT_RETURN_TYPE = YES_ERROR;
				GCC_WARN_UNDECLARED_SELECTOR = YES;
				GCC_WARN_UNINITIALIZED_AUTOS = YES_AGGRESSIVE;
				GCC_WARN_UNUSED_FUNCTION = YES;
				GCC_WARN_UNUSED_VARIABLE = YES;
				MACOSX_DEPLOYMENT_TARGET = 10.12;
				MTL_ENABLE_DEBUG_INFO = YES;
				ONLY_ACTIVE_ARCH = YES;
				SDKROOT = macosx;
				SWIFT_ACTIVE_COMPILATION_CONDITIONS = DEBUG;
				SWIFT_OPTIMIZATION_LEVEL = "-Onone";
			};
			name = Debug;
		};
		CAFD668B2276588D008E59C9 /* Release */ = {
			isa = XCBuildConfiguration;
			buildSettings = {
				ALWAYS_SEARCH_USER_PATHS = NO;
				CLANG_ANALYZER_NONNULL = YES;
				CLANG_ANALYZER_NUMBER_OBJECT_CONVERSION = YES_AGGRESSIVE;
				CLANG_CXX_LANGUAGE_STANDARD = "gnu++0x";
				CLANG_CXX_LIBRARY = "libc++";
				CLANG_ENABLE_MODULES = YES;
				CLANG_ENABLE_OBJC_ARC = YES;
				CLANG_WARN_BOOL_CONVERSION = YES;
				CLANG_WARN_CONSTANT_CONVERSION = YES;
				CLANG_WARN_DIRECT_OBJC_ISA_USAGE = YES_ERROR;
				CLANG_WARN_DOCUMENTATION_COMMENTS = YES;
				CLANG_WARN_EMPTY_BODY = YES;
				CLANG_WARN_ENUM_CONVERSION = YES;
				CLANG_WARN_INFINITE_RECURSION = YES;
				CLANG_WARN_INT_CONVERSION = YES;
				CLANG_WARN_OBJC_ROOT_CLASS = YES_ERROR;
				CLANG_WARN_SUSPICIOUS_MOVE = YES;
				CLANG_WARN_UNREACHABLE_CODE = YES;
				CLANG_WARN__DUPLICATE_METHOD_MATCH = YES;
				CODE_SIGN_IDENTITY = "-";
				COPY_PHASE_STRIP = NO;
				DEBUG_INFORMATION_FORMAT = "dwarf-with-dsym";
				ENABLE_NS_ASSERTIONS = NO;
				ENABLE_STRICT_OBJC_MSGSEND = YES;
				GCC_C_LANGUAGE_STANDARD = gnu99;
				GCC_NO_COMMON_BLOCKS = YES;
				GCC_WARN_64_TO_32_BIT_CONVERSION = YES;
				GCC_WARN_ABOUT_RETURN_TYPE = YES_ERROR;
				GCC_WARN_UNDECLARED_SELECTOR = YES;
				GCC_WARN_UNINITIALIZED_AUTOS = YES_AGGRESSIVE;
				GCC_WARN_UNUSED_FUNCTION = YES;
				GCC_WARN_UNUSED_VARIABLE = YES;
				MACOSX_DEPLOYMENT_TARGET = 10.12;
				MTL_ENABLE_DEBUG_INFO = NO;
				SDKROOT = macosx;
				SWIFT_OPTIMIZATION_LEVEL = "-Owholemodule";
			};
			name = Release;
		};
		CAFD668D2276588D008E59C9 /* Debug */ = {
			isa = XCBuildConfiguration;
			buildSettings = {
				ASSETCATALOG_COMPILER_APPICON_NAME = AppIcon;
				COMBINE_HIDPI_IMAGES = YES;
				INFOPLIST_FILE = ocrScreenshot/Info.plist;
				LD_RUNPATH_SEARCH_PATHS = "$(inherited) @executable_path/../Frameworks";
				PRODUCT_BUNDLE_IDENTIFIER = "N-a.ocrScreenshot";
				PRODUCT_NAME = "$(TARGET_NAME)";
				SWIFT_VERSION = 3.0;
			};
			name = Debug;
		};
		CAFD668E2276588D008E59C9 /* Release */ = {
			isa = XCBuildConfiguration;
			buildSettings = {
				ASSETCATALOG_COMPILER_APPICON_NAME = AppIcon;
				COMBINE_HIDPI_IMAGES = YES;
				INFOPLIST_FILE = ocrScreenshot/Info.plist;
				LD_RUNPATH_SEARCH_PATHS = "$(inherited) @executable_path/../Frameworks";
				PRODUCT_BUNDLE_IDENTIFIER = "N-a.ocrScreenshot";
				PRODUCT_NAME = "$(TARGET_NAME)";
				SWIFT_VERSION = 3.0;
			};
			name = Release;
		};
/* End XCBuildConfiguration section */

/* Begin XCConfigurationList section */
		CAFD66782276588D008E59C9 /* Build configuration list for PBXProject "ocrScreenshot" */ = {
			isa = XCConfigurationList;
			buildConfigurations = (
				CAFD668A2276588D008E59C9 /* Debug */,
				CAFD668B2276588D008E59C9 /* Release */,
			);
			defaultConfigurationIsVisible = 0;
			defaultConfigurationName = Release;
		};
		CAFD668C2276588D008E59C9 /* Build configuration list for PBXNativeTarget "ocrScreenshot" */ = {
			isa = XCConfigurationList;
			buildConfigurations = (
				CAFD668D2276588D008E59C9 /* Debug */,
				CAFD668E2276588D008E59C9 /* Release */,
			);
			defaultConfigurationIsVisible = 0;
		};
/* End XCConfigurationList section */
	};
	rootObject = CAFD66752276588D008E59C9 /* Project object */;
}
